
Microsoft Visual Studio Solution File, Format Version 12.00
# Visual Studio Version 17
VisualStudioVersion = 17.0.31512.422
MinimumVisualStudioVersion = 10.0.40219.1
Project("{FAE04EC0-301F-11D3-BF4B-00C04F79EFBC}") = "EventsExample", "EventsExample.csproj", "{3FD06248-F4A0-45CB-A8CC-CE0C69B15DA1}"
EndProject
Global
	GlobalSection(SolutionConfigurationPlatforms) = preSolution
		Debug|Any CPU = Debug|Any CPU
		Release|Any CPU = Release|Any CPU
	EndGlobalSection
	GlobalSection(ProjectConfigurationPlatforms) = postSolution
		{3FD06248-F4A0-45CB-A8CC-CE0C69B15DA1}.Debug|Any CPU.ActiveCfg = Debug|Any CPU
		{3FD06248-F4A0-45CB-A8CC-CE0C69B15DA1}.Debug|Any CPU.Build.0 = Debug|Any CPU
		{3FD06248-F4A0-45CB-A8CC-CE0C69B15DA1}.Release|Any CPU.ActiveCfg = Release|Any CPU
		{3FD06248-F4A0-45CB-A8CC-CE0C69B15DA1}.Release|Any CPU.Build.0 = Release|Any CPU
	EndGlobalSection
	GlobalSection(SolutionProperties) = preSolution
		HideSolutionNode = FALSE
	EndGlobalSection
	GlobalSection(ExtensibilityGlobals) = postSolution
		SolutionGuid = {82B316D2-D673-4DF8-8CFF-EDA47662B863}
	EndGlobalSection
EndGlobal
